PODS:
  - Bolts (1.1.0)
  - Facebook-iOS-SDK (3.16.1):
    - Bolts
  - Kiwi (2.3.0)
  - Parse (1.2.18):
    - Facebook-iOS-SDK (~> 3.11)
  - VENVersionTracker (0.1.0)

DEPENDENCIES:
  - Kiwi (~> 2.3)
  - Parse
  - VENVersionTracker

SPEC CHECKSUMS:
  Bolts: 91c2af8eae1d44e1dd75946a5b0ae04a43ea43e4
  Facebook-iOS-SDK: 594f0e2398fe62b0a44b6f7ae113c7795cfabfa4
  Kiwi: 54bece5b35564d9b8e03c608d926f1a22fcfc589
  Parse: a2017b8839185f110bd0bfff19c994abc024b4ac
  VENVersionTracker: b948791439c41833f48b74e9e9e23f725a627a9c

COCOAPODS: 0.33.1
